
Microsoft Visual Studio Solution File, Format Version 12.00
# Visual Studio 15
VisualStudioVersion = 15.0.27130.2010
MinimumVisualStudioVersion = 10.0.40219.1
Project("{FAE04EC0-301F-11D3-BF4B-00C04F79EFBC}") = "2-配置管理-2.1命令行配置", "2-配置管理-2.1命令行配置\2-配置管理-2.1命令行配置.csproj", "{F94C0CE9-8713-434E-ACD4-382E74C3856A}"
EndProject
Global
	GlobalSection(SolutionConfigurationPlatforms) = preSolution
		Debug|Any CPU = Debug|Any CPU
		Release|Any CPU = Release|Any CPU
	EndGlobalSection
	GlobalSection(ProjectConfigurationPlatforms) = postSolution
		{F94C0CE9-8713-434E-ACD4-382E74C3856A}.Debug|Any CPU.ActiveCfg = Debug|Any CPU
		{F94C0CE9-8713-434E-ACD4-382E74C3856A}.Debug|Any CPU.Build.0 = Debug|Any CPU
		{F94C0CE9-8713-434E-ACD4-382E74C3856A}.Release|Any CPU.ActiveCfg = Release|Any CPU
		{F94C0CE9-8713-434E-ACD4-382E74C3856A}.Release|Any CPU.Build.0 = Release|Any CPU
	EndGlobalSection
	GlobalSection(SolutionProperties) = preSolution
		HideSolutionNode = FALSE
	EndGlobalSection
	GlobalSection(ExtensibilityGlobals) = postSolution
		SolutionGuid = {42DB91D4-94F1-4DCE-8ABB-A8C5F57452BA}
	EndGlobalSection
EndGlobal
